
Microsoft Visual Studio Solution File, Format Version 12.00
# Visual Studio Version 16
VisualStudioVersion = 16.0.30804.86
MinimumVisualStudioVersion = 10.0.40219.1
Project("{FAE04EC0-301F-11D3-BF4B-00C04F79EFBC}") = "DreamCatcher", "DreamCatcher.csproj", "{F112BDFA-5FA1-448D-BB6E-19E8B8A67C87}"
EndProject
Global
	GlobalSection(SolutionConfigurationPlatforms) = preSolution
		Debug|Any CPU = Debug|Any CPU
		Release|Any CPU = Release|Any CPU
	EndGlobalSection
	GlobalSection(ProjectConfigurationPlatforms) = postSolution
		{F112BDFA-5FA1-448D-BB6E-19E8B8A67C87}.Debug|Any CPU.ActiveCfg = Debug|Any CPU
		{F112BDFA-5FA1-448D-BB6E-19E8B8A67C87}.Debug|Any CPU.Build.0 = Debug|Any CPU
		{F112BDFA-5FA1-448D-BB6E-19E8B8A67C87}.Release|Any CPU.ActiveCfg = Release|Any CPU
		{F112BDFA-5FA1-448D-BB6E-19E8B8A67C87}.Release|Any CPU.Build.0 = Release|Any CPU
	EndGlobalSection
	GlobalSection(SolutionProperties) = preSolution
		HideSolutionNode = FALSE
	EndGlobalSection
	GlobalSection(ExtensibilityGlobals) = postSolution
		SolutionGuid = {8E246BE7-128B-45FC-BF9E-4BFC583F8B36}
	EndGlobalSection
EndGlobal
